// !$*UTF8*$!
{
	archiveVersion = 1;
	classes = {
	};
	objectVersion = 52;
	objects = {

/* Begin PBXBuildFile section */
		422F3B7A260FAE6800BE3417 /* RecordingDevice.swift in Sources */ = {isa = PBXBuildFile; fileRef = 422F3B79260FAE6800BE3417 /* RecordingDevice.swift */; };
		42550D79261458E100FA28DF /* RZUtils in Frameworks */ = {isa = PBXBuildFile; productRef = 42550D78261458E100FA28DF /* RZUtils */; };
		42550D8526145EA200FA28DF /* RZUtilsSwift in Frameworks */ = {isa = PBXBuildFile; productRef = 42550D8426145EA200FA28DF /* RZUtilsSwift */; };
		4278F17E2614820300E5B7E5 /* RZUtilsSwift in Frameworks */ = {isa = PBXBuildFile; productRef = 4278F17D2614820300E5B7E5 /* RZUtilsSwift */; };
		4278F18D2614835800E5B7E5 /* videturApp+iOS.swift in Sources */ = {isa = PBXBuildFile; fileRef = 4278F18C2614835800E5B7E5 /* videturApp+iOS.swift */; };
		4278F1942614837B00E5B7E5 /* videturApp+macOS.swift in Sources */ = {isa = PBXBuildFile; fileRef = 4278F1932614837B00E5B7E5 /* videturApp+macOS.swift */; };
		4278F1B42614A37700E5B7E5 /* SingleRecordView.swift in Sources */ = {isa = PBXBuildFile; fileRef = 4278F1B32614A37700E5B7E5 /* SingleRecordView.swift */; };
		4278F1B52614A37700E5B7E5 /* SingleRecordView.swift in Sources */ = {isa = PBXBuildFile; fileRef = 4278F1B32614A37700E5B7E5 /* SingleRecordView.swift */; };
		4278F1BC2614F20700E5B7E5 /* RecordsListView.swift in Sources */ = {isa = PBXBuildFile; fileRef = 4278F1BB2614F20700E5B7E5 /* RecordsListView.swift */; };
		4278F1BD2614F20700E5B7E5 /* RecordsListView.swift in Sources */ = {isa = PBXBuildFile; fileRef = 4278F1BB2614F20700E5B7E5 /* RecordsListView.swift */; };
		4278F1CE2615ADB400E5B7E5 /* RecordKeeperObservable.swift in Sources */ = {isa = PBXBuildFile; fileRef = 4278F1CD2615ADB400E5B7E5 /* RecordKeeperObservable.swift */; };
		4278F1CF2615ADB400E5B7E5 /* RecordKeeperObservable.swift in Sources */ = {isa = PBXBuildFile; fileRef = 4278F1CD2615ADB400E5B7E5 /* RecordKeeperObservable.swift */; };
		4278F1DB2615C09300E5B7E5 /* Photos.swift in Sources */ = {isa = PBXBuildFile; fileRef = 4278F1DA2615C09300E5B7E5 /* Photos.swift */; };
		4278F1DC2615C09300E5B7E5 /* Photos.swift in Sources */ = {isa = PBXBuildFile; fileRef = 4278F1DA2615C09300E5B7E5 /* Photos.swift */; };
		4278F1ED2615D33600E5B7E5 /* PhotoLocation.swift in Sources */ = {isa = PBXBuildFile; fileRef = 4278F1EC2615D33600E5B7E5 /* PhotoLocation.swift */; };
		4278F1EE2615D33600E5B7E5 /* PhotoLocation.swift in Sources */ = {isa = PBXBuildFile; fileRef = 4278F1EC2615D33600E5B7E5 /* PhotoLocation.swift */; };
		4278F2342615E0B400E5B7E5 /* CrossPlatformBridge.swift in Sources */ = {isa = PBXBuildFile; fileRef = 4278F2332615E0B400E5B7E5 /* CrossPlatformBridge.swift */; };
		42E168A3260F1BAB00224979 /* Tests_iOS.swift in Sources */ = {isa = PBXBuildFile; fileRef = 42E168A2260F1BAB00224979 /* Tests_iOS.swift */; };
		42E168AE260F1BAB00224979 /* Tests_macOS.swift in Sources */ = {isa = PBXBuildFile; fileRef = 42E168AD260F1BAB00224979 /* Tests_macOS.swift */; };
		42E168B0260F1BAB00224979 /* videturApp.swift in Sources */ = {isa = PBXBuildFile; fileRef = 42E16887260F1BAB00224979 /* videturApp.swift */; };
		42E168B1260F1BAB00224979 /* videturApp.swift in Sources */ = {isa = PBXBuildFile; fileRef = 42E16887260F1BAB00224979 /* videturApp.swift */; };
		42E168B2260F1BAB00224979 /* ContentView.swift in Sources */ = {isa = PBXBuildFile; fileRef = 42E16888260F1BAB00224979 /* ContentView.swift */; };
		42E168B3260F1BAB00224979 /* ContentView.swift in Sources */ = {isa = PBXBuildFile; fileRef = 42E16888260F1BAB00224979 /* ContentView.swift */; };
		42E168B4260F1BAB00224979 /* Assets.xcassets in Resources */ = {isa = PBXBuildFile; fileRef = 42E16889260F1BAB00224979 /* Assets.xcassets */; };
		42E168B5260F1BAB00224979 /* Assets.xcassets in Resources */ = {isa = PBXBuildFile; fileRef = 42E16889260F1BAB00224979 /* Assets.xcassets */; };
		42E168CC260F1C2000224979 /* TrackingEvent.swift in Sources */ = {isa = PBXBuildFile; fileRef = 42E168CA260F1C2000224979 /* TrackingEvent.swift */; };
		42E168CD260F1C2000224979 /* TrackingEvent.swift in Sources */ = {isa = PBXBuildFile; fileRef = 42E168CA260F1C2000224979 /* TrackingEvent.swift */; };
		42E168CE260F1C2000224979 /* LocationTracker.swift in Sources */ = {isa = PBXBuildFile; fileRef = 42E168CB260F1C2000224979 /* LocationTracker.swift */; };
		42E168CF260F1C2000224979 /* LocationTracker.swift in Sources */ = {isa = PBXBuildFile; fileRef = 42E168CB260F1C2000224979 /* LocationTracker.swift */; };
		42E168D6260F1C5C00224979 /* FMDB in Frameworks */ = {isa = PBXBuildFile; productRef = 42E168D5260F1C5C00224979 /* FMDB */; };
		42E168DD260F1C6E00224979 /* RZUtils in Frameworks */ = {isa = PBXBuildFile; productRef = 42E168DC260F1C6E00224979 /* RZUtils */; };
		42E168ED260F1F3200224979 /* RecordTests.swift in Sources */ = {isa = PBXBuildFile; fileRef = 42E168EC260F1F3200224979 /* RecordTests.swift */; };
		42E16911260F21F000224979 /* AppDelegate.swift in Sources */ = {isa = PBXBuildFile; fileRef = 42E16910260F21F000224979 /* AppDelegate.swift */; };
		42E1691D260F230200224979 /* Model.swift in Sources */ = {isa = PBXBuildFile; fileRef = 42E1691C260F230200224979 /* Model.swift */; };
		42E1691E260F230200224979 /* Model.swift in Sources */ = {isa = PBXBuildFile; fileRef = 42E1691C260F230200224979 /* Model.swift */; };
		42E1692F260F31A000224979 /* RecordKeeper.swift in Sources */ = {isa = PBXBuildFile; fileRef = 42E1692E260F319F00224979 /* RecordKeeper.swift */; };
		42E16930260F31A000224979 /* RecordKeeper.swift in Sources */ = {isa = PBXBuildFile; fileRef = 42E1692E260F319F00224979 /* RecordKeeper.swift */; };
		42E16937260F31CB00224979 /* RecordLocation.swift in Sources */ = {isa = PBXBuildFile; fileRef = 42E16936260F31CB00224979 /* RecordLocation.swift */; };
		42E16938260F31CB00224979 /* RecordLocation.swift in Sources */ = {isa = PBXBuildFile; fileRef = 42E16936260F31CB00224979 /* RecordLocation.swift */; };
		42E1693F260F31FD00224979 /* EventLocationChange.swift in Sources */ = {isa = PBXBuildFile; fileRef = 42E1693E260F31FD00224979 /* EventLocationChange.swift */; };
		42E16940260F31FD00224979 /* EventLocationChange.swift in Sources */ = {isa = PBXBuildFile; fileRef = 42E1693E260F31FD00224979 /* EventLocationChange.swift */; };
		42E1694C260F650600224979 /* Country.swift in Sources */ = {isa = PBXBuildFile; fileRef = 42E1694B260F650600224979 /* Country.swift */; };
		42E1694D260F650600224979 /* Country.swift in Sources */ = {isa = PBXBuildFile; fileRef = 42E1694B260F650600224979 /* Country.swift */; };
		42E16954260F763F00224979 /* DayVisits.swift in Sources */ = {isa = PBXBuildFile; fileRef = 42E16953260F763F00224979 /* DayVisits.swift */; };
		42E16955260F763F00224979 /* DayVisits.swift in Sources */ = {isa = PBXBuildFile; fileRef = 42E16953260F763F00224979 /* DayVisits.swift */; };
		42E1695C260F79FB00224979 /* LocationVisits.swift in Sources */ = {isa = PBXBuildFile; fileRef = 42E1695B260F79FB00224979 /* LocationVisits.swift */; };
		42E1695D260F79FB00224979 /* LocationVisits.swift in Sources */ = {isa = PBXBuildFile; fileRef = 42E1695B260F79FB00224979 /* LocationVisits.swift */; };
		42E16964260F7F1100224979 /* Location.swift in Sources */ = {isa = PBXBuildFile; fileRef = 42E16963260F7F1100224979 /* Location.swift */; };
		42E16965260F7F1100224979 /* Location.swift in Sources */ = {isa = PBXBuildFile; fileRef = 42E16963260F7F1100224979 /* Location.swift */; };
/* End PBXBuildFile section */

/* Begin PBXContainerItemProxy section */
		42E1689F260F1BAB00224979 /* PBXContainerItemProxy */ = {
			isa = PBXContainerItemProxy;
			containerPortal = 42E16882260F1BAA00224979 /* Project object */;
			proxyType = 1;
			remoteGlobalIDString = 42E1688D260F1BAB00224979;
			remoteInfo = "videtur (iOS)";
		};
		42E168AA260F1BAB00224979 /* PBXContainerItemProxy */ = {
			isa = PBXContainerItemProxy;
			containerPortal = 42E16882260F1BAA00224979 /* Project object */;
			proxyType = 1;
			remoteGlobalIDString = 42E16895260F1BAB00224979;
			remoteInfo = "videtur (macOS)";
		};
		42E168EF260F1F3200224979 /* PBXContainerItemProxy */ = {
			isa = PBXContainerItemProxy;
			containerPortal = 42E16882260F1BAA00224979 /* Project object */;
			proxyType = 1;
			remoteGlobalIDString = 42E1688D260F1BAB00224979;
			remoteInfo = "videtur (iOS)";
		};
/* End PBXContainerItemProxy section */

/* Begin PBXFileReference section */
		422F3B79260FAE6800BE3417 /* RecordingDevice.swift */ = {isa = PBXFileReference; lastKnownFileType = sourcecode.swift; path = RecordingDevice.swift; sourceTree = "<group>"; };
		422F3B862610945800BE3417 /* videtur.entitlements */ = {isa = PBXFileReference; lastKnownFileType = text.plist.entitlements; path = videtur.entitlements; sourceTree = "<group>"; };
		422F3B872610949000BE3417 /* rzutils */ = {isa = PBXFileReference; lastKnownFileType = folder; name = rzutils; path = ../rzutils; sourceTree = "<group>"; };
		4278F18C2614835800E5B7E5 /* videturApp+iOS.swift */ = {isa = PBXFileReference; lastKnownFileType = sourcecode.swift; path = "videturApp+iOS.swift"; sourceTree = "<group>"; };
		4278F1932614837B00E5B7E5 /* videturApp+macOS.swift */ = {isa = PBXFileReference; lastKnownFileType = sourcecode.swift; path = "videturApp+macOS.swift"; sourceTree = "<group>"; };
		4278F1B32614A37700E5B7E5 /* SingleRecordView.swift */ = {isa = PBXFileReference; lastKnownFileType = sourcecode.swift; path = SingleRecordView.swift; sourceTree = "<group>"; };
		4278F1BB2614F20700E5B7E5 /* RecordsListView.swift */ = {isa = PBXFileReference; lastKnownFileType = sourcecode.swift; path = RecordsListView.swift; sourceTree = "<group>"; };
		4278F1CD2615ADB400E5B7E5 /* RecordKeeperObservable.swift */ = {isa = PBXFileReference; lastKnownFileType = sourcecode.swift; path = RecordKeeperObservable.swift; sourceTree = "<group>"; };
		4278F1DA2615C09300E5B7E5 /* Photos.swift */ = {isa = PBXFileReference; lastKnownFileType = sourcecode.swift; path = Photos.swift; sourceTree = "<group>"; };
		4278F1EC2615D33600E5B7E5 /* PhotoLocation.swift */ = {isa = PBXFileReference; lastKnownFileType = sourcecode.swift; path = PhotoLocation.swift; sourceTree = "<group>"; };
		4278F2332615E0B400E5B7E5 /* CrossPlatformBridge.swift */ = {isa = PBXFileReference; lastKnownFileType = sourcecode.swift; path = CrossPlatformBridge.swift; sourceTree = "<group>"; };
		42E16887260F1BAB00224979 /* videturApp.swift */ = {isa = PBXFileReference; lastKnownFileType = sourcecode.swift; path = videturApp.swift; sourceTree = "<group>"; };
		42E16888260F1BAB00224979 /* ContentView.swift */ = {isa = PBXFileReference; lastKnownFileType = sourcecode.swift; path = ContentView.swift; sourceTree = "<group>"; };
		42E16889260F1BAB00224979 /* Assets.xcassets */ = {isa = PBXFileReference; lastKnownFileType = folder.assetcatalog; path = Assets.xcassets; sourceTree = "<group>"; };
		42E1688E260F1BAB00224979 /* videtur.app */ = {isa = PBXFileReference; explicitFileType = wrapper.application; includeInIndex = 0; path = videtur.app; sourceTree = BUILT_PRODUCTS_DIR; };
		42E16891260F1BAB00224979 /* Info.plist */ = {isa = PBXFileReference; lastKnownFileType = text.plist.xml; path = Info.plist; sourceTree = "<group>"; };
		42E16896260F1BAB00224979 /* videtur.app */ = {isa = PBXFileReference; explicitFileType = wrapper.application; includeInIndex = 0; path = videtur.app; sourceTree = BUILT_PRODUCTS_DIR; };
		42E16898260F1BAB00224979 /* Info.plist */ = {isa = PBXFileReference; lastKnownFileType = text.plist.xml; path = Info.plist; sourceTree = "<group>"; };
		42E16899260F1BAB00224979 /* macOS.entitlements */ = {isa = PBXFileReference; lastKnownFileType = text.plist.entitlements; path = macOS.entitlements; sourceTree = "<group>"; };
		42E1689E260F1BAB00224979 /* Tests iOS.xctest */ = {isa = PBXFileReference; explicitFileType = wrapper.cfbundle; includeInIndex = 0; path = "Tests iOS.xctest"; sourceTree = BUILT_PRODUCTS_DIR; };
		42E168A2260F1BAB00224979 /* Tests_iOS.swift */ = {isa = PBXFileReference; lastKnownFileType = sourcecode.swift; path = Tests_iOS.swift; sourceTree = "<group>"; };
		42E168A4260F1BAB00224979 /* Info.plist */ = {isa = PBXFileReference; lastKnownFileType = text.plist.xml; path = Info.plist; sourceTree = "<group>"; };
		42E168A9260F1BAB00224979 /* Tests macOS.xctest */ = {isa = PBXFileReference; explicitFileType = wrapper.cfbundle; includeInIndex = 0; path = "Tests macOS.xctest"; sourceTree = BUILT_PRODUCTS_DIR; };
		42E168AD260F1BAB00224979 /* Tests_macOS.swift */ = {isa = PBXFileReference; lastKnownFileType = sourcecode.swift; path = Tests_macOS.swift; sourceTree = "<group>"; };
		42E168AF260F1BAB00224979 /* Info.plist */ = {isa = PBXFileReference; lastKnownFileType = text.plist.xml; path = Info.plist; sourceTree = "<group>"; };
		42E168CA260F1C2000224979 /* TrackingEvent.swift */ = {isa = PBXFileReference; fileEncoding = 4; lastKnownFileType = sourcecode.swift; path = TrackingEvent.swift; sourceTree = "<group>"; };
		42E168CB260F1C2000224979 /* LocationTracker.swift */ = {isa = PBXFileReference; fileEncoding = 4; lastKnownFileType = sourcecode.swift; path = LocationTracker.swift; sourceTree = "<group>"; };
		42E168EA260F1F3200224979 /* videturTests.xctest */ = {isa = PBXFileReference; explicitFileType = wrapper.cfbundle; includeInIndex = 0; path = videturTests.xctest; sourceTree = BUILT_PRODUCTS_DIR; };
		42E168EC260F1F3200224979 /* RecordTests.swift */ = {isa = PBXFileReference; lastKnownFileType = sourcecode.swift; path = RecordTests.swift; sourceTree = "<group>"; };
		42E168EE260F1F3200224979 /* Info.plist */ = {isa = PBXFileReference; lastKnownFileType = text.plist.xml; path = Info.plist; sourceTree = "<group>"; };
		42E16910260F21F000224979 /* AppDelegate.swift */ = {isa = PBXFileReference; fileEncoding = 4; lastKnownFileType = sourcecode.swift; path = AppDelegate.swift; sourceTree = "<group>"; };
		42E1691C260F230200224979 /* Model.swift */ = {isa = PBXFileReference; lastKnownFileType = sourcecode.swift; path = Model.swift; sourceTree = "<group>"; };
		42E1692E260F319F00224979 /* RecordKeeper.swift */ = {isa = PBXFileReference; lastKnownFileType = sourcecode.swift; path = RecordKeeper.swift; sourceTree = "<group>"; };
		42E16936260F31CB00224979 /* RecordLocation.swift */ = {isa = PBXFileReference; lastKnownFileType = sourcecode.swift; path = RecordLocation.swift; sourceTree = "<group>"; };
		42E1693E260F31FD00224979 /* EventLocationChange.swift */ = {isa = PBXFileReference; lastKnownFileType = sourcecode.swift; path = EventLocationChange.swift; sourceTree = "<group>"; };
		42E1694B260F650600224979 /* Country.swift */ = {isa = PBXFileReference; lastKnownFileType = sourcecode.swift; path = Country.swift; sourceTree = "<group>"; };
		42E16953260F763F00224979 /* DayVisits.swift */ = {isa = PBXFileReference; lastKnownFileType = sourcecode.swift; path = DayVisits.swift; sourceTree = "<group>"; };
		42E1695B260F79FB00224979 /* LocationVisits.swift */ = {isa = PBXFileReference; lastKnownFileType = sourcecode.swift; path = LocationVisits.swift; sourceTree = "<group>"; };
		42E16963260F7F1100224979 /* Location.swift */ = {isa = PBXFileReference; lastKnownFileType = sourcecode.swift; path = Location.swift; sourceTree = "<group>"; };
/* End PBXFileReference section */

/* Begin PBXFrameworksBuildPhase section */
		42E1688B260F1BAB00224979 /* Frameworks */ = {
			isa = PBXFrameworksBuildPhase;
			buildActionMask = 2147483647;
			files = (
				42E168DD260F1C6E00224979 /* RZUtils in Frameworks */,
				42E168D6260F1C5C00224979 /* FMDB in Frameworks */,
				42550D8526145EA200FA28DF /* RZUtilsSwift in Frameworks */,
			);
			runOnlyForDeploymentPostprocessing = 0;
		};
		42E16893260F1BAB00224979 /* Frameworks */ = {
			isa = PBXFrameworksBuildPhase;
			buildActionMask = 2147483647;
			files = (
				4278F17E2614820300E5B7E5 /* RZUtilsSwift in Frameworks */,
				42550D79261458E100FA28DF /* RZUtils in Frameworks */,
			);
			runOnlyForDeploymentPostprocessing = 0;
		};
		42E1689B260F1BAB00224979 /* Frameworks */ = {
			isa = PBXFrameworksBuildPhase;
			buildActionMask = 2147483647;
			files = (
			);
			runOnlyForDeploymentPostprocessing = 0;
		};
		42E168A6260F1BAB00224979 /* Frameworks */ = {
			isa = PBXFrameworksBuildPhase;
			buildActionMask = 2147483647;
			files = (
			);
			runOnlyForDeploymentPostprocessing = 0;
		};
		42E168E7260F1F3200224979 /* Frameworks */ = {
			isa = PBXFrameworksBuildPhase;
			buildActionMask = 2147483647;
			files = (
			);
			runOnlyForDeploymentPostprocessing = 0;
		};
/* End PBXFrameworksBuildPhase section */

/* Begin PBXGroup section */
		42550D77261458E100FA28DF /* Frameworks */ = {
			isa = PBXGroup;
			children = (
			);
			name = Frameworks;
			sourceTree = "<group>";
		};
		42E16881260F1BAA00224979 = {
			isa = PBXGroup;
			children = (
				422F3B872610949000BE3417 /* rzutils */,
				422F3B862610945800BE3417 /* videtur.entitlements */,
				42E16886260F1BAB00224979 /* Shared */,
				42E16890260F1BAB00224979 /* iOS */,
				42E16897260F1BAB00224979 /* macOS */,
				42E168F9260F1F4200224979 /* Tests */,
				42E1688F260F1BAB00224979 /* Products */,
				42550D77261458E100FA28DF /* Frameworks */,
			);
			sourceTree = "<group>";
		};
		42E16886260F1BAB00224979 /* Shared */ = {
			isa = PBXGroup;
			children = (
				42E168C9260F1C0B00224979 /* Model */,
				42E168C8260F1BFE00224979 /* UI */,
			);
			path = Shared;
			sourceTree = "<group>";
		};
		42E1688F260F1BAB00224979 /* Products */ = {
			isa = PBXGroup;
			children = (
				42E1688E260F1BAB00224979 /* videtur.app */,
				42E16896260F1BAB00224979 /* videtur.app */,
				42E1689E260F1BAB00224979 /* Tests iOS.xctest */,
				42E168A9260F1BAB00224979 /* Tests macOS.xctest */,
				42E168EA260F1F3200224979 /* videturTests.xctest */,
			);
			name = Products;
			sourceTree = "<group>";
		};
		42E16890260F1BAB00224979 /* iOS */ = {
			isa = PBXGroup;
			children = (
				4278F18C2614835800E5B7E5 /* videturApp+iOS.swift */,
				42E16910260F21F000224979 /* AppDelegate.swift */,
				42E16891260F1BAB00224979 /* Info.plist */,
			);
			path = iOS;
			sourceTree = "<group>";
		};
		42E16897260F1BAB00224979 /* macOS */ = {
			isa = PBXGroup;
			children = (
				42E16898260F1BAB00224979 /* Info.plist */,
				42E16899260F1BAB00224979 /* macOS.entitlements */,
				4278F1932614837B00E5B7E5 /* videturApp+macOS.swift */,
				4278F2332615E0B400E5B7E5 /* CrossPlatformBridge.swift */,
			);
			path = macOS;
			sourceTree = "<group>";
		};
		42E168A1260F1BAB00224979 /* Tests iOS */ = {
			isa = PBXGroup;
			children = (
				42E168A2260F1BAB00224979 /* Tests_iOS.swift */,
				42E168A4260F1BAB00224979 /* Info.plist */,
			);
			path = "Tests iOS";
			sourceTree = "<group>";
		};
		42E168AC260F1BAB00224979 /* Tests macOS */ = {
			isa = PBXGroup;
			children = (
				42E168AD260F1BAB00224979 /* Tests_macOS.swift */,
				42E168AF260F1BAB00224979 /* Info.plist */,
			);
			path = "Tests macOS";
			sourceTree = "<group>";
		};
		42E168C8260F1BFE00224979 /* UI */ = {
			isa = PBXGroup;
			children = (
				42E16887260F1BAB00224979 /* videturApp.swift */,
				42E16888260F1BAB00224979 /* ContentView.swift */,
				42E16889260F1BAB00224979 /* Assets.xcassets */,
				4278F1B32614A37700E5B7E5 /* SingleRecordView.swift */,
				4278F1BB2614F20700E5B7E5 /* RecordsListView.swift */,
				4278F1CD2615ADB400E5B7E5 /* RecordKeeperObservable.swift */,
			);
			name = UI;
			sourceTree = "<group>";
		};
		42E168C9260F1C0B00224979 /* Model */ = {
			isa = PBXGroup;
			children = (
				42E1691C260F230200224979 /* Model.swift */,
				42E168CB260F1C2000224979 /* LocationTracker.swift */,
				42E168CA260F1C2000224979 /* TrackingEvent.swift */,
				42E1692E260F319F00224979 /* RecordKeeper.swift */,
				42E16936260F31CB00224979 /* RecordLocation.swift */,
				42E16963260F7F1100224979 /* Location.swift */,
				42E1693E260F31FD00224979 /* EventLocationChange.swift */,
				42E1694B260F650600224979 /* Country.swift */,
				42E16953260F763F00224979 /* DayVisits.swift */,
				42E1695B260F79FB00224979 /* LocationVisits.swift */,
				422F3B79260FAE6800BE3417 /* RecordingDevice.swift */,
				4278F1DA2615C09300E5B7E5 /* Photos.swift */,
				4278F1EC2615D33600E5B7E5 /* PhotoLocation.swift */,
			);
			name = Model;
			sourceTree = "<group>";
		};
		42E168EB260F1F3200224979 /* videturTests */ = {
			isa = PBXGroup;
			children = (
				42E168EC260F1F3200224979 /* RecordTests.swift */,
				42E168EE260F1F3200224979 /* Info.plist */,
			);
			path = videturTests;
			sourceTree = "<group>";
		};
		42E168F9260F1F4200224979 /* Tests */ = {
			isa = PBXGroup;
			children = (
				42E168A1260F1BAB00224979 /* Tests iOS */,
				42E168AC260F1BAB00224979 /* Tests macOS */,
				42E168EB260F1F3200224979 /* videturTests */,
			);
			name = Tests;
			sourceTree = "<group>";
		};
/* End PBXGroup section */

/* Begin PBXNativeTarget section */
		42E1688D260F1BAB00224979 /* videtur (iOS) */ = {
			isa = PBXNativeTarget;
			buildConfigurationList = 42E168B8260F1BAB00224979 /* Build configuration list for PBXNativeTarget "videtur (iOS)" */;
			buildPhases = (
				42E1688A260F1BAB00224979 /* Sources */,
				42E1688B260F1BAB00224979 /* Frameworks */,
				42E1688C260F1BAB00224979 /* Resources */,
			);
			buildRules = (
			);
			dependencies = (
			);
			name = "videtur (iOS)";
			packageProductDependencies = (
				42E168D5260F1C5C00224979 /* FMDB */,
				42E168DC260F1C6E00224979 /* RZUtils */,
				42550D8426145EA200FA28DF /* RZUtilsSwift */,
			);
			productName = "videtur (iOS)";
			productReference = 42E1688E260F1BAB00224979 /* videtur.app */;
			productType = "com.apple.product-type.application";
		};
		42E16895260F1BAB00224979 /* videtur (macOS) */ = {
			isa = PBXNativeTarget;
			buildConfigurationList = 42E168BB260F1BAB00224979 /* Build configuration list for PBXNativeTarget "videtur (macOS)" */;
			buildPhases = (
				42E16892260F1BAB00224979 /* Sources */,
				42E16893260F1BAB00224979 /* Frameworks */,
				42E16894260F1BAB00224979 /* Resources */,
			);
			buildRules = (
			);
			dependencies = (
			);
			name = "videtur (macOS)";
			packageProductDependencies = (
				42550D78261458E100FA28DF /* RZUtils */,
				4278F17D2614820300E5B7E5 /* RZUtilsSwift */,
			);
			productName = "videtur (macOS)";
			productReference = 42E16896260F1BAB00224979 /* videtur.app */;
			productType = "com.apple.product-type.application";
		};
		42E1689D260F1BAB00224979 /* Tests iOS */ = {
			isa = PBXNativeTarget;
			buildConfigurationList = 42E168BE260F1BAB00224979 /* Build configuration list for PBXNativeTarget "Tests iOS" */;
			buildPhases = (
				42E1689A260F1BAB00224979 /* Sources */,
				42E1689B260F1BAB00224979 /* Frameworks */,
				42E1689C260F1BAB00224979 /* Resources */,
			);
			buildRules = (
			);
			dependencies = (
				42E168A0260F1BAB00224979 /* PBXTargetDependency */,
			);
			name = "Tests iOS";
			productName = "Tests iOS";
			productReference = 42E1689E260F1BAB00224979 /* Tests iOS.xctest */;
			productType = "com.apple.product-type.bundle.ui-testing";
		};
		42E168A8260F1BAB00224979 /* Tests macOS */ = {
			isa = PBXNativeTarget;
			buildConfigurationList = 42E168C1260F1BAB00224979 /* Build configuration list for PBXNativeTarget "Tests macOS" */;
			buildPhases = (
				42E168A5260F1BAB00224979 /* Sources */,
				42E168A6260F1BAB00224979 /* Frameworks */,
				42E168A7260F1BAB00224979 /* Resources */,
			);
			buildRules = (
			);
			dependencies = (
				42E168AB260F1BAB00224979 /* PBXTargetDependency */,
			);
			name = "Tests macOS";
			productName = "Tests macOS";
			productReference = 42E168A9260F1BAB00224979 /* Tests macOS.xctest */;
			productType = "com.apple.product-type.bundle.ui-testing";
		};
		42E168E9260F1F3200224979 /* videturTests */ = {
			isa = PBXNativeTarget;
			buildConfigurationList = 42E168F1260F1F3200224979 /* Build configuration list for PBXNativeTarget "videturTests" */;
			buildPhases = (
				42E168E6260F1F3200224979 /* Sources */,
				42E168E7260F1F3200224979 /* Frameworks */,
				42E168E8260F1F3200224979 /* Resources */,
			);
			buildRules = (
			);
			dependencies = (
				42E168F0260F1F3200224979 /* PBXTargetDependency */,
			);
			name = videturTests;
			productName = videturTests;
			productReference = 42E168EA260F1F3200224979 /* videturTests.xctest */;
			productType = "com.apple.product-type.bundle.unit-test";
		};
/* End PBXNativeTarget section */

/* Begin PBXProject section */
		42E16882260F1BAA00224979 /* Project object */ = {
			isa = PBXProject;
			attributes = {
				LastSwiftUpdateCheck = 1240;
				LastUpgradeCheck = 1240;
				TargetAttributes = {
					42E1688D260F1BAB00224979 = {
						CreatedOnToolsVersion = 12.4;
					};
					42E16895260F1BAB00224979 = {
						CreatedOnToolsVersion = 12.4;
					};
					42E1689D260F1BAB00224979 = {
						CreatedOnToolsVersion = 12.4;
						TestTargetID = 42E1688D260F1BAB00224979;
					};
					42E168A8260F1BAB00224979 = {
						CreatedOnToolsVersion = 12.4;
						TestTargetID = 42E16895260F1BAB00224979;
					};
					42E168E9260F1F3200224979 = {
						CreatedOnToolsVersion = 12.4;
						TestTargetID = 42E1688D260F1BAB00224979;
					};
				};
			};
			buildConfigurationList = 42E16885260F1BAA00224979 /* Build configuration list for PBXProject "videtur" */;
			compatibilityVersion = "Xcode 9.3";
			developmentRegion = en;
			hasScannedForEncodings = 0;
			knownRegions = (
				en,
				Base,
			);
			mainGroup = 42E16881260F1BAA00224979;
			packageReferences = (
				42E168D4260F1C5C00224979 /* XCRemoteSwiftPackageReference "fmdb" */,
				42E168DB260F1C6E00224979 /* XCRemoteSwiftPackageReference "rzutils" */,
			);
			productRefGroup = 42E1688F260F1BAB00224979 /* Products */;
			projectDirPath = "";
			projectRoot = "";
			targets = (
				42E1688D260F1BAB00224979 /* videtur (iOS) */,
				42E16895260F1BAB00224979 /* videtur (macOS) */,
				42E1689D260F1BAB00224979 /* Tests iOS */,
				42E168A8260F1BAB00224979 /* Tests macOS */,
				42E168E9260F1F3200224979 /* videturTests */,
			);
		};
/* End PBXProject section */

/* Begin PBXResourcesBuildPhase section */
		42E1688C260F1BAB00224979 /* Resources */ = {
			isa = PBXResourcesBuildPhase;
			buildActionMask = 2147483647;
			files = (
				42E168B4260F1BAB00224979 /* Assets.xcassets in Resources */,
			);
			runOnlyForDeploymentPostprocessing = 0;
		};
		42E16894260F1BAB00224979 /* Resources */ = {
			isa = PBXResourcesBuildPhase;
			buildActionMask = 2147483647;
			files = (
				42E168B5260F1BAB00224979 /* Assets.xcassets in Resources */,
			);
			runOnlyForDeploymentPostprocessing = 0;
		};
		42E1689C260F1BAB00224979 /* Resources */ = {
			isa = PBXResourcesBuildPhase;
			buildActionMask = 2147483647;
			files = (
			);
			runOnlyForDeploymentPostprocessing = 0;
		};
		42E168A7260F1BAB00224979 /* Resources */ = {
			isa = PBXResourcesBuildPhase;
			buildActionMask = 2147483647;
			files = (
			);
			runOnlyForDeploymentPostprocessing = 0;
		};
		42E168E8260F1F3200224979 /* Resources */ = {
			isa = PBXResourcesBuildPhase;
			buildActionMask = 2147483647;
			files = (
			);
			runOnlyForDeploymentPostprocessing = 0;
		};
/* End PBXResourcesBuildPhase section */

/* Begin PBXSourcesBuildPhase section */
		42E1688A260F1BAB00224979 /* Sources */ = {
			isa = PBXSourcesBuildPhase;
			buildActionMask = 2147483647;
			files = (
				42E1692F260F31A000224979 /* RecordKeeper.swift in Sources */,
				4278F1ED2615D33600E5B7E5 /* PhotoLocation.swift in Sources */,
				422F3B7A260FAE6800BE3417 /* RecordingDevice.swift in Sources */,
				42E168CC260F1C2000224979 /* TrackingEvent.swift in Sources */,
				42E1691D260F230200224979 /* Model.swift in Sources */,
				42E168CE260F1C2000224979 /* LocationTracker.swift in Sources */,
				4278F1DB2615C09300E5B7E5 /* Photos.swift in Sources */,
				42E16954260F763F00224979 /* DayVisits.swift in Sources */,
				42E168B2260F1BAB00224979 /* ContentView.swift in Sources */,
				42E16964260F7F1100224979 /* Location.swift in Sources */,
				4278F1BC2614F20700E5B7E5 /* RecordsListView.swift in Sources */,
				42E16911260F21F000224979 /* AppDelegate.swift in Sources */,
				42E168B0260F1BAB00224979 /* videturApp.swift in Sources */,
				4278F1CE2615ADB400E5B7E5 /* RecordKeeperObservable.swift in Sources */,
				42E1693F260F31FD00224979 /* EventLocationChange.swift in Sources */,
				42E1694C260F650600224979 /* Country.swift in Sources */,
				42E1695C260F79FB00224979 /* LocationVisits.swift in Sources */,
				4278F1B42614A37700E5B7E5 /* SingleRecordView.swift in Sources */,
				4278F18D2614835800E5B7E5 /* videturApp+iOS.swift in Sources */,
				42E16937260F31CB00224979 /* RecordLocation.swift in Sources */,
			);
			runOnlyForDeploymentPostprocessing = 0;
		};
		42E16892260F1BAB00224979 /* Sources */ = {
			isa = PBXSourcesBuildPhase;
			buildActionMask = 2147483647;
			files = (
				4278F1942614837B00E5B7E5 /* videturApp+macOS.swift in Sources */,
				4278F1EE2615D33600E5B7E5 /* PhotoLocation.swift in Sources */,
				42E1691E260F230200224979 /* Model.swift in Sources */,
				42E1695D260F79FB00224979 /* LocationVisits.swift in Sources */,
				42E1694D260F650600224979 /* Country.swift in Sources */,
				42E168CD260F1C2000224979 /* TrackingEvent.swift in Sources */,
				4278F2342615E0B400E5B7E5 /* CrossPlatformBridge.swift in Sources */,
				4278F1B52614A37700E5B7E5 /* SingleRecordView.swift in Sources */,
				42E16930260F31A000224979 /* RecordKeeper.swift in Sources */,
				42E16940260F31FD00224979 /* EventLocationChange.swift in Sources */,
				4278F1BD2614F20700E5B7E5 /* RecordsListView.swift in Sources */,
				4278F1CF2615ADB400E5B7E5 /* RecordKeeperObservable.swift in Sources */,
				42E168CF260F1C2000224979 /* LocationTracker.swift in Sources */,
				42E168B3260F1BAB00224979 /* ContentView.swift in Sources */,
				4278F1DC2615C09300E5B7E5 /* Photos.swift in Sources */,
				42E16938260F31CB00224979 /* RecordLocation.swift in Sources */,
				42E16955260F763F00224979 /* DayVisits.swift in Sources */,
				42E16965260F7F1100224979 /* Location.swift in Sources */,
				42E168B1260F1BAB00224979 /* videturApp.swift in Sources */,
			);
			runOnlyForDeploymentPostprocessing = 0;
		};
		42E1689A260F1BAB00224979 /* Sources */ = {
			isa = PBXSourcesBuildPhase;
			buildActionMask = 2147483647;
			files = (
				42E168A3260F1BAB00224979 /* Tests_iOS.swift in Sources */,
			);
			runOnlyForDeploymentPostprocessing = 0;
		};
		42E168A5260F1BAB00224979 /* Sources */ = {
			isa = PBXSourcesBuildPhase;
			buildActionMask = 2147483647;
			files = (
				42E168AE260F1BAB00224979 /* Tests_macOS.swift in Sources */,
			);
			runOnlyForDeploymentPostprocessing = 0;
		};
		42E168E6260F1F3200224979 /* Sources */ = {
			isa = PBXSourcesBuildPhase;
			buildActionMask = 2147483647;
			files = (
				42E168ED260F1F3200224979 /* RecordTests.swift in Sources */,
			);
			runOnlyForDeploymentPostprocessing = 0;
		};
/* End PBXSourcesBuildPhase section */

/* Begin PBXTargetDependency section */
		42E168A0260F1BAB00224979 /* PBXTargetDependency */ = {
			isa = PBXTargetDependency;
			target = 42E1688D260F1BAB00224979 /* videtur (iOS) */;
			targetProxy = 42E1689F260F1BAB00224979 /* PBXContainerItemProxy */;
		};
		42E168AB260F1BAB00224979 /* PBXTargetDependency */ = {
			isa = PBXTargetDependency;
			target = 42E16895260F1BAB00224979 /* videtur (macOS) */;
			targetProxy = 42E168AA260F1BAB00224979 /* PBXContainerItemProxy */;
		};
		42E168F0260F1F3200224979 /* PBXTargetDependency */ = {
			isa = PBXTargetDependency;
			target = 42E1688D260F1BAB00224979 /* videtur (iOS) */;
			targetProxy = 42E168EF260F1F3200224979 /* PBXContainerItemProxy */;
		};
/* End PBXTargetDependency section */

/* Begin XCBuildConfiguration section */
		42E168B6260F1BAB00224979 /* Debug */ = {
			isa = XCBuildConfiguration;
			buildSettings = {
				ALWAYS_SEARCH_USER_PATHS = NO;
				CLANG_ANALYZER_NONNULL = YES;
				CLANG_ANALYZER_NUMBER_OBJECT_CONVERSION = YES_AGGRESSIVE;
				CLANG_CXX_LANGUAGE_STANDARD = "gnu++14";
				CLANG_CXX_LIBRARY = "libc++";
				CLANG_ENABLE_MODULES = YES;
				CLANG_ENABLE_OBJC_ARC = YES;
				CLANG_ENABLE_OBJC_WEAK = YES;
				CLANG_WARN_BLOCK_CAPTURE_AUTORELEASING = YES;
				CLANG_WARN_BOOL_CONVERSION = YES;
				CLANG_WARN_COMMA = YES;
				CLANG_WARN_CONSTANT_CONVERSION = YES;
				CLANG_WARN_DEPRECATED_OBJC_IMPLEMENTATIONS = YES;
				CLANG_WARN_DIRECT_OBJC_ISA_USAGE = YES_ERROR;
				CLANG_WARN_DOCUMENTATION_COMMENTS = YES;
				CLANG_WARN_EMPTY_BODY = YES;
				CLANG_WARN_ENUM_CONVERSION = YES;
				CLANG_WARN_INFINITE_RECURSION = YES;
				CLANG_WARN_INT_CONVERSION = YES;
				CLANG_WARN_NON_LITERAL_NULL_CONVERSION = YES;
				CLANG_WARN_OBJC_IMPLICIT_RETAIN_SELF = YES;
				CLANG_WARN_OBJC_LITERAL_CONVERSION = YES;
				CLANG_WARN_OBJC_ROOT_CLASS = YES_ERROR;
				CLANG_WARN_QUOTED_INCLUDE_IN_FRAMEWORK_HEADER = YES;
				CLANG_WARN_RANGE_LOOP_ANALYSIS = YES;
				CLANG_WARN_STRICT_PROTOTYPES = YES;
				CLANG_WARN_SUSPICIOUS_MOVE = YES;
				CLANG_WARN_UNGUARDED_AVAILABILITY = YES_AGGRESSIVE;
				CLANG_WARN_UNREACHABLE_CODE = YES;
				CLANG_WARN__DUPLICATE_METHOD_MATCH = YES;
				COPY_PHASE_STRIP = NO;
				DEBUG_INFORMATION_FORMAT = dwarf;
				ENABLE_STRICT_OBJC_MSGSEND = YES;
				ENABLE_TESTABILITY = YES;
				GCC_C_LANGUAGE_STANDARD = gnu11;
				GCC_DYNAMIC_NO_PIC = NO;
				GCC_NO_COMMON_BLOCKS = YES;
				GCC_OPTIMIZATION_LEVEL = 0;
				GCC_PREPROCESSOR_DEFINITIONS = (
					"DEBUG=1",
					"$(inherited)",
				);
				GCC_WARN_64_TO_32_BIT_CONVERSION = YES;
				GCC_WARN_ABOUT_RETURN_TYPE = YES_ERROR;
				GCC_WARN_UNDECLARED_SELECTOR = YES;
				GCC_WARN_UNINITIALIZED_AUTOS = YES_AGGRESSIVE;
				GCC_WARN_UNUSED_FUNCTION = YES;
				GCC_WARN_UNUSED_VARIABLE = YES;
				MTL_ENABLE_DEBUG_INFO = INCLUDE_SOURCE;
				MTL_FAST_MATH = YES;
				ONLY_ACTIVE_ARCH = YES;
				SWIFT_ACTIVE_COMPILATION_CONDITIONS = DEBUG;
				SWIFT_OPTIMIZATION_LEVEL = "-Onone";
			};
			name = Debug;
		};
		42E168B7260F1BAB00224979 /* Release */ = {
			isa = XCBuildConfiguration;
			buildSettings = {
				ALWAYS_SEARCH_USER_PATHS = NO;
				CLANG_ANALYZER_NONNULL = YES;
				CLANG_ANALYZER_NUMBER_OBJECT_CONVERSION = YES_AGGRESSIVE;
				CLANG_CXX_LANGUAGE_STANDARD = "gnu++14";
				CLANG_CXX_LIBRARY = "libc++";
				CLANG_ENABLE_MODULES = YES;
				CLANG_ENABLE_OBJC_ARC = YES;
				CLANG_ENABLE_OBJC_WEAK = YES;
				CLANG_WARN_BLOCK_CAPTURE_AUTORELEASING = YES;
				CLANG_WARN_BOOL_CONVERSION = YES;
				CLANG_WARN_COMMA = YES;
				CLANG_WARN_CONSTANT_CONVERSION = YES;
				CLANG_WARN_DEPRECATED_OBJC_IMPLEMENTATIONS = YES;
				CLANG_WARN_DIRECT_OBJC_ISA_USAGE = YES_ERROR;
				CLANG_WARN_DOCUMENTATION_COMMENTS = YES;
				CLANG_WARN_EMPTY_BODY = YES;
				CLANG_WARN_ENUM_CONVERSION = YES;
				CLANG_WARN_INFINITE_RECURSION = YES;
				CLANG_WARN_INT_CONVERSION = YES;
				CLANG_WARN_NON_LITERAL_NULL_CONVERSION = YES;
				CLANG_WARN_OBJC_IMPLICIT_RETAIN_SELF = YES;
				CLANG_WARN_OBJC_LITERAL_CONVERSION = YES;
				CLANG_WARN_OBJC_ROOT_CLASS = YES_ERROR;
				CLANG_WARN_QUOTED_INCLUDE_IN_FRAMEWORK_HEADER = YES;
				CLANG_WARN_RANGE_LOOP_ANALYSIS = YES;
				CLANG_WARN_STRICT_PROTOTYPES = YES;
				CLANG_WARN_SUSPICIOUS_MOVE = YES;
				CLANG_WARN_UNGUARDED_AVAILABILITY = YES_AGGRESSIVE;
				CLANG_WARN_UNREACHABLE_CODE = YES;
				CLANG_WARN__DUPLICATE_METHOD_MATCH = YES;
				COPY_PHASE_STRIP = NO;
				DEBUG_INFORMATION_FORMAT = "dwarf-with-dsym";
				ENABLE_NS_ASSERTIONS = NO;
				ENABLE_STRICT_OBJC_MSGSEND = YES;
				GCC_C_LANGUAGE_STANDARD = gnu11;
				GCC_NO_COMMON_BLOCKS = YES;
				GCC_WARN_64_TO_32_BIT_CONVERSION = YES;
				GCC_WARN_ABOUT_RETURN_TYPE = YES_ERROR;
				GCC_WARN_UNDECLARED_SELECTOR = YES;
				GCC_WARN_UNINITIALIZED_AUTOS = YES_AGGRESSIVE;
				GCC_WARN_UNUSED_FUNCTION = YES;
				GCC_WARN_UNUSED_VARIABLE = YES;
				MTL_ENABLE_DEBUG_INFO = NO;
				MTL_FAST_MATH = YES;
				SWIFT_COMPILATION_MODE = wholemodule;
				SWIFT_OPTIMIZATION_LEVEL = "-O";
			};
			name = Release;
		};
		42E168B9260F1BAB00224979 /* Debug */ = {
			isa = XCBuildConfiguration;
			buildSettings = {
				ASSETCATALOG_COMPILER_APPICON_NAME = AppIcon;
				ASSETCATALOG_COMPILER_GLOBAL_ACCENT_COLOR_NAME = AccentColor;
				CODE_SIGN_ENTITLEMENTS = videtur.entitlements;
				CODE_SIGN_STYLE = Automatic;
				DEVELOPMENT_TEAM = M7QSSF3624;
				ENABLE_PREVIEWS = YES;
				INFOPLIST_FILE = iOS/Info.plist;
				IPHONEOS_DEPLOYMENT_TARGET = 14.0;
				LD_RUNPATH_SEARCH_PATHS = (
					"$(inherited)",
					"@executable_path/Frameworks",
				);
				PRODUCT_BUNDLE_IDENTIFIER = "net.ro-z.videtur";
				PRODUCT_NAME = videtur;
				SDKROOT = iphoneos;
				SWIFT_VERSION = 5.0;
				TARGETED_DEVICE_FAMILY = "1,2";
			};
			name = Debug;
		};
		42E168BA260F1BAB00224979 /* Release */ = {
			isa = XCBuildConfiguration;
			buildSettings = {
				ASSETCATALOG_COMPILER_APPICON_NAME = AppIcon;
				ASSETCATALOG_COMPILER_GLOBAL_ACCENT_COLOR_NAME = AccentColor;
				CODE_SIGN_ENTITLEMENTS = videtur.entitlements;
				CODE_SIGN_STYLE = Automatic;
				DEVELOPMENT_TEAM = M7QSSF3624;
				ENABLE_PREVIEWS = YES;
				INFOPLIST_FILE = iOS/Info.plist;
				IPHONEOS_DEPLOYMENT_TARGET = 14.0;
				LD_RUNPATH_SEARCH_PATHS = (
					"$(inherited)",
					"@executable_path/Frameworks",
				);
				PRODUCT_BUNDLE_IDENTIFIER = "net.ro-z.videtur";
				PRODUCT_NAME = videtur;
				SDKROOT = iphoneos;
				SWIFT_VERSION = 5.0;
				TARGETED_DEVICE_FAMILY = "1,2";
				VALIDATE_PRODUCT = YES;
			};
			name = Release;
		};
		42E168BC260F1BAB00224979 /* Debug */ = {
			isa = XCBuildConfiguration;
			buildSettings = {
				ASSETCATALOG_COMPILER_APPICON_NAME = AppIcon;
				ASSETCATALOG_COMPILER_GLOBAL_ACCENT_COLOR_NAME = AccentColor;
				CODE_SIGN_ENTITLEMENTS = macOS/macOS.entitlements;
				CODE_SIGN_STYLE = Automatic;
				COMBINE_HIDPI_IMAGES = YES;
				DEVELOPMENT_TEAM = M7QSSF3624;
				ENABLE_HARDENED_RUNTIME = YES;
				ENABLE_PREVIEWS = YES;
				INFOPLIST_FILE = macOS/Info.plist;
				LD_RUNPATH_SEARCH_PATHS = (
					"$(inherited)",
					"@executable_path/../Frameworks",
				);
				MACOSX_DEPLOYMENT_TARGET = 11.0;
				PRODUCT_BUNDLE_IDENTIFIER = "net.ro-z.videtur";
				PRODUCT_NAME = videtur;
				SDKROOT = macosx;
				SWIFT_VERSION = 5.0;
			};
			name = Debug;
		};
		42E168BD260F1BAB00224979 /* Release */ = {
			isa = XCBuildConfiguration;
			buildSettings = {
				ASSETCATALOG_COMPILER_APPICON_NAME = AppIcon;
				ASSETCATALOG_COMPILER_GLOBAL_ACCENT_COLOR_NAME = AccentColor;
				CODE_SIGN_ENTITLEMENTS = macOS/macOS.entitlements;
				CODE_SIGN_STYLE = Automatic;
				COMBINE_HIDPI_IMAGES = YES;
				DEVELOPMENT_TEAM = M7QSSF3624;
				ENABLE_HARDENED_RUNTIME = YES;
				ENABLE_PREVIEWS = YES;
				INFOPLIST_FILE = macOS/Info.plist;
				LD_RUNPATH_SEARCH_PATHS = (
					"$(inherited)",
					"@executable_path/../Frameworks",
				);
				MACOSX_DEPLOYMENT_TARGET = 11.0;
				PRODUCT_BUNDLE_IDENTIFIER = "net.ro-z.videtur";
				PRODUCT_NAME = videtur;
				SDKROOT = macosx;
				SWIFT_VERSION = 5.0;
			};
			name = Release;
		};
		42E168BF260F1BAB00224979 /* Debug */ = {
			isa = XCBuildConfiguration;
			buildSettings = {
				ALWAYS_EMBED_SWIFT_STANDARD_LIBRARIES = YES;
				CODE_SIGN_STYLE = Automatic;
				DEVELOPMENT_TEAM = M7QSSF3624;
				INFOPLIST_FILE = "Tests iOS/Info.plist";
				IPHONEOS_DEPLOYMENT_TARGET = 14.4;
				LD_RUNPATH_SEARCH_PATHS = (
					"$(inherited)",
					"@executable_path/Frameworks",
					"@loader_path/Frameworks",
				);
				PRODUCT_BUNDLE_IDENTIFIER = "net.ro-z.Tests-iOS";
				PRODUCT_NAME = "$(TARGET_NAME)";
				SDKROOT = iphoneos;
				SWIFT_VERSION = 5.0;
				TARGETED_DEVICE_FAMILY = "1,2";
				TEST_TARGET_NAME = "videtur (iOS)";
			};
			name = Debug;
		};
		42E168C0260F1BAB00224979 /* Release */ = {
			isa = XCBuildConfiguration;
			buildSettings = {
				ALWAYS_EMBED_SWIFT_STANDARD_LIBRARIES = YES;
				CODE_SIGN_STYLE = Automatic;
				DEVELOPMENT_TEAM = M7QSSF3624;
				INFOPLIST_FILE = "Tests iOS/Info.plist";
				IPHONEOS_DEPLOYMENT_TARGET = 14.4;
				LD_RUNPATH_SEARCH_PATHS = (
					"$(inherited)",
					"@executable_path/Frameworks",
					"@loader_path/Frameworks",
				);
				PRODUCT_BUNDLE_IDENTIFIER = "net.ro-z.Tests-iOS";
				PRODUCT_NAME = "$(TARGET_NAME)";
				SDKROOT = iphoneos;
				SWIFT_VERSION = 5.0;
				TARGETED_DEVICE_FAMILY = "1,2";
				TEST_TARGET_NAME = "videtur (iOS)";
				VALIDATE_PRODUCT = YES;
			};
			name = Release;
		};
		42E168C2260F1BAB00224979 /* Debug */ = {
			isa = XCBuildConfiguration;
			buildSettings = {
				ALWAYS_EMBED_SWIFT_STANDARD_LIBRARIES = YES;
				CODE_SIGN_STYLE = Automatic;
				COMBINE_HIDPI_IMAGES = YES;
				DEVELOPMENT_TEAM = M7QSSF3624;
				INFOPLIST_FILE = "Tests macOS/Info.plist";
				LD_RUNPATH_SEARCH_PATHS = (
					"$(inherited)",
					"@executable_path/../Frameworks",
					"@loader_path/../Frameworks",
				);
				MACOSX_DEPLOYMENT_TARGET = 11.1;
				PRODUCT_BUNDLE_IDENTIFIER = "net.ro-z.Tests-macOS";
				PRODUCT_NAME = "$(TARGET_NAME)";
				SDKROOT = macosx;
				SWIFT_VERSION = 5.0;
				TEST_TARGET_NAME = "videtur (macOS)";
			};
			name = Debug;
		};
		42E168C3260F1BAB00224979 /* Release */ = {
			isa = XCBuildConfiguration;
			buildSettings = {
				ALWAYS_EMBED_SWIFT_STANDARD_LIBRARIES = YES;
				CODE_SIGN_STYLE = Automatic;
				COMBINE_HIDPI_IMAGES = YES;
				DEVELOPMENT_TEAM = M7QSSF3624;
				INFOPLIST_FILE = "Tests macOS/Info.plist";
				LD_RUNPATH_SEARCH_PATHS = (
					"$(inherited)",
					"@executable_path/../Frameworks",
					"@loader_path/../Frameworks",
				);
				MACOSX_DEPLOYMENT_TARGET = 11.1;
				PRODUCT_BUNDLE_IDENTIFIER = "net.ro-z.Tests-macOS";
				PRODUCT_NAME = "$(TARGET_NAME)";
				SDKROOT = macosx;
				SWIFT_VERSION = 5.0;
				TEST_TARGET_NAME = "videtur (macOS)";
			};
			name = Release;
		};
		42E168F2260F1F3200224979 /* Debug */ = {
			isa = XCBuildConfiguration;
			buildSettings = {
				BUNDLE_LOADER = "$(TEST_HOST)";
				CODE_SIGN_STYLE = Automatic;
				DEVELOPMENT_TEAM = M7QSSF3624;
				INFOPLIST_FILE = videturTests/Info.plist;
				IPHONEOS_DEPLOYMENT_TARGET = 14.4;
				LD_RUNPATH_SEARCH_PATHS = (
					"$(inherited)",
					"@executable_path/Frameworks",
					"@loader_path/Frameworks",
				);
				PRODUCT_BUNDLE_IDENTIFIER = "net.ro-z.videturTests";
				PRODUCT_NAME = "$(TARGET_NAME)";
				SDKROOT = iphoneos;
				SWIFT_VERSION = 5.0;
				TARGETED_DEVICE_FAMILY = "1,2";
				TEST_HOST = "$(BUILT_PRODUCTS_DIR)/videtur.app/videtur";
			};
			name = Debug;
		};
		42E168F3260F1F3200224979 /* Release */ = {
			isa = XCBuildConfiguration;
			buildSettings = {
				BUNDLE_LOADER = "$(TEST_HOST)";
				CODE_SIGN_STYLE = Automatic;
				DEVELOPMENT_TEAM = M7QSSF3624;
				INFOPLIST_FILE = videturTests/Info.plist;
				IPHONEOS_DEPLOYMENT_TARGET = 14.4;
				LD_RUNPATH_SEARCH_PATHS = (
					"$(inherited)",
					"@executable_path/Frameworks",
					"@loader_path/Frameworks",
				);
				PRODUCT_BUNDLE_IDENTIFIER = "net.ro-z.videturTests";
				PRODUCT_NAME = "$(TARGET_NAME)";
				SDKROOT = iphoneos;
				SWIFT_VERSION = 5.0;
				TARGETED_DEVICE_FAMILY = "1,2";
				TEST_HOST = "$(BUILT_PRODUCTS_DIR)/videtur.app/videtur";
				VALIDATE_PRODUCT = YES;
			};
			name = Release;
		};
/* End XCBuildConfiguration section */

/* Begin XCConfigurationList section */
		42E16885260F1BAA00224979 /* Build configuration list for PBXProject "videtur" */ = {
			isa = XCConfigurationList;
			buildConfigurations = (
				42E168B6260F1BAB00224979 /* Debug */,
				42E168B7260F1BAB00224979 /* Release */,
			);
			defaultConfigurationIsVisible = 0;
			defaultConfigurationName = Release;
		};
		42E168B8260F1BAB00224979 /* Build configuration list for PBXNativeTarget "videtur (iOS)" */ = {
			isa = XCConfigurationList;
			buildConfigurations = (
				42E168B9260F1BAB00224979 /* Debug */,
				42E168BA260F1BAB00224979 /* Release */,
			);
			defaultConfigurationIsVisible = 0;
			defaultConfigurationName = Release;
		};
		42E168BB260F1BAB00224979 /* Build configuration list for PBXNativeTarget "videtur (macOS)" */ = {
			isa = XCConfigurationList;
			buildConfigurations = (
				42E168BC260F1BAB00224979 /* Debug */,
				42E168BD260F1BAB00224979 /* Release */,
			);
			defaultConfigurationIsVisible = 0;
			defaultConfigurationName = Release;
		};
		42E168BE260F1BAB00224979 /* Build configuration list for PBXNativeTarget "Tests iOS" */ = {
			isa = XCConfigurationList;
			buildConfigurations = (
				42E168BF260F1BAB00224979 /* Debug */,
				42E168C0260F1BAB00224979 /* Release */,
			);
			defaultConfigurationIsVisible = 0;
			defaultConfigurationName = Release;
		};
		42E168C1260F1BAB00224979 /* Build configuration list for PBXNativeTarget "Tests macOS" */ = {
			isa = XCConfigurationList;
			buildConfigurations = (
				42E168C2260F1BAB00224979 /* Debug */,
				42E168C3260F1BAB00224979 /* Release */,
			);
			defaultConfigurationIsVisible = 0;
			defaultConfigurationName = Release;
		};
		42E168F1260F1F3200224979 /* Build configuration list for PBXNativeTarget "videturTests" */ = {
			isa = XCConfigurationList;
			buildConfigurations = (
				42E168F2260F1F3200224979 /* Debug */,
				42E168F3260F1F3200224979 /* Release */,
			);
			defaultConfigurationIsVisible = 0;
			defaultConfigurationName = Release;
		};
/* End XCConfigurationList section */

/* Begin XCRemoteSwiftPackageReference section */
		42E168D4260F1C5C00224979 /* XCRemoteSwiftPackageReference "fmdb" */ = {
			isa = XCRemoteSwiftPackageReference;
			repositoryURL = "https://github.com/ccgus/fmdb";
			requirement = {
				kind = upToNextMajorVersion;
				minimumVersion = 2.7.7;
			};
		};
		42E168DB260F1C6E00224979 /* XCRemoteSwiftPackageReference "rzutils" */ = {
			isa = XCRemoteSwiftPackageReference;
			repositoryURL = "https://github.com/roznet/rzutils.git";
			requirement = {
				kind = upToNextMajorVersion;
				minimumVersion = 1.0.11;
			};
		};
/* End XCRemoteSwiftPackageReference section */

/* Begin XCSwiftPackageProductDependency section */
		42550D78261458E100FA28DF /* RZUtils */ = {
			isa = XCSwiftPackageProductDependency;
			productName = RZUtils;
		};
		42550D8426145EA200FA28DF /* RZUtilsSwift */ = {
			isa = XCSwiftPackageProductDependency;
			productName = RZUtilsSwift;
		};
		4278F17D2614820300E5B7E5 /* RZUtilsSwift */ = {
			isa = XCSwiftPackageProductDependency;
			productName = RZUtilsSwift;
		};
		42E168D5260F1C5C00224979 /* FMDB */ = {
			isa = XCSwiftPackageProductDependency;
			package = 42E168D4260F1C5C00224979 /* XCRemoteSwiftPackageReference "fmdb" */;
			productName = FMDB;
		};
		42E168DC260F1C6E00224979 /* RZUtils */ = {
			isa = XCSwiftPackageProductDependency;
			package = 42E168DB260F1C6E00224979 /* XCRemoteSwiftPackageReference "rzutils" */;
			productName = RZUtils;
		};
/* End XCSwiftPackageProductDependency section */
	};
	rootObject = 42E16882260F1BAA00224979 /* Project object */;
}
