{
  "object": {
    "pins": [
      {
        "package": "FMDB",
        "repositoryURL": "https://github.com/ccgus/fmdb",
        "state": {
          "branch": null,
          "revision": "61e51fde7f7aab6554f30ab061cc588b28a97d04",
          "version": "2.7.7"
        }
      },
      {
        "package": "RZUtils",
        "repositoryURL": "https://github.com/roznet/rzutils.git",
        "state": {
          "branch": null,
          "revision": "6bbd760c29ff2ba8c85736e0c4c3416bd52629a2",
          "version": "1.0.12"
        }
      }
    ]
  },
  "version": 1
}
